
Microsoft Visual Studio Solution File, Format Version 12.00
# Visual Studio 15
VisualStudioVersion = 15.0.28307.645
MinimumVisualStudioVersion = 10.0.40219.1
Project("{FAE04EC0-301F-11D3-BF4B-00C04F79EFBC}") = "RemoteShutdown", "RemoteShutdown\RemoteShutdown.csproj", "{135CBF6A-B00C-4F3A-B3E9-0AAE970D05B6}"
EndProject
Global
	GlobalSection(SolutionConfigurationPlatforms) = preSolution
		Debug|Any CPU = Debug|Any CPU
		Release|Any CPU = Release|Any CPU
	EndGlobalSection
	GlobalSection(ProjectConfigurationPlatforms) = postSolution
		{135CBF6A-B00C-4F3A-B3E9-0AAE970D05B6}.Debug|Any CPU.ActiveCfg = Debug|Any CPU
		{135CBF6A-B00C-4F3A-B3E9-0AAE970D05B6}.Debug|Any CPU.Build.0 = Debug|Any CPU
		{135CBF6A-B00C-4F3A-B3E9-0AAE970D05B6}.Release|Any CPU.ActiveCfg = Release|Any CPU
		{135CBF6A-B00C-4F3A-B3E9-0AAE970D05B6}.Release|Any CPU.Build.0 = Release|Any CPU
	EndGlobalSection
	GlobalSection(SolutionProperties) = preSolution
		HideSolutionNode = FALSE
	EndGlobalSection
	GlobalSection(ExtensibilityGlobals) = postSolution
		SolutionGuid = {A738EB8B-1CAE-4699-B3A3-F61969E540F4}
	EndGlobalSection
EndGlobal
